<?xml version="1.0" encoding="utf-8"?>
<Project ToolsVersion="4.0" xmlns="http://schemas.microsoft.com/developer/msbuild/2003">
  <ItemGroup>
    <Filter Include="sources">
      <UniqueIdentifier>{4FC737F1-C7A5-4376-A066-2A32D752A2FF}</UniqueIdentifier>
      <Extensions>cpp;c;cc;cxx;c++;cppm;ixx;def;odl;idl;hpj;bat;asm;asmx</Extensions>
    </Filter>
    <Filter Include="headers">
      <UniqueIdentifier>{93995380-89BD-4b04-88EB-625FBE52EBFB}</UniqueIdentifier>
      <Extensions>h;hh;hpp;hxx;h++;hm;inl;inc;ipp;xsd</Extensions>
    </Filter>
    <Filter Include="headers\ImGui">
      <UniqueIdentifier>{7b2270dc-69b7-4784-8db7-61f0ee3d462d}</UniqueIdentifier>
    </Filter>
    <Filter Include="resources">
      <UniqueIdentifier>{67DA6AB6-F800-4c08-8B7A-83BB121AAD01}</UniqueIdentifier>
      <Extensions>rc;ico;cur;bmp;dlg;rc2;rct;bin;rgs;gif;jpg;jpeg;jpe;resx;tiff;tif;png;wav;mfcribbon-ms</Extensions>
    </Filter>
    <Filter Include="headers\DebugConsole">
      <UniqueIdentifier>{2b87d00a-5c07-45c3-b409-21b15d155ccb}</UniqueIdentifier>
    </Filter>
    <Filter Include="headers\WindowManager">
      <UniqueIdentifier>{d61810f1-a2ab-4057-acb2-ee5c2f853d3f}</UniqueIdentifier>
    </Filter>
    <Filter Include="headers\WindowManager\Windows">
      <UniqueIdentifier>{d4622dc6-4f41-4c63-936b-e0d70fcb933a}</UniqueIdentifier>
    </Filter>
    <Filter Include="sources\GlobalData">
      <UniqueIdentifier>{64c33bb8-8da4-4996-87be-ca8a53a587ba}</UniqueIdentifier>
    </Filter>
    <Filter Include="headers\GlobalData">
      <UniqueIdentifier>{713bb9a7-a01d-4454-94bc-9306af2351fb}</UniqueIdentifier>
    </Filter>
    <Filter Include="headers\TaskScheduler">
      <UniqueIdentifier>{d52c67a6-1fb1-4bb8-940c-4b99ea3bfb7b}</UniqueIdentifier>
    </Filter>
  </ItemGroup>
  <ItemGroup>
    <ClCompile Include="main.cpp">
      <Filter>sources</Filter>
    </ClCompile>
    <ClCompile Include="ImGui\imgui.cpp">
      <Filter>headers\ImGui</Filter>
    </ClCompile>
    <ClCompile Include="ImGui\imgui_demo.cpp">
      <Filter>headers\ImGui</Filter>
    </ClCompile>
    <ClCompile Include="ImGui\imgui_draw.cpp">
      <Filter>headers\ImGui</Filter>
    </ClCompile>
    <ClCompile Include="ImGui\imgui_tables.cpp">
      <Filter>headers\ImGui</Filter>
    </ClCompile>
    <ClCompile Include="ImGui\imgui_widgets.cpp">
      <Filter>headers\ImGui</Filter>
    </ClCompile>
    <ClCompile Include="UI.cpp">
      <Filter>sources</Filter>
    </ClCompile>
    <ClCompile Include="Drawing.cpp">
      <Filter>sources</Filter>
    </ClCompile>
    <ClCompile Include="ImGui\imgui_impl_dx11.cpp">
      <Filter>headers\ImGui</Filter>
    </ClCompile>
    <ClCompile Include="ImGui\imgui_impl_win32.cpp">
      <Filter>headers\ImGui</Filter>
    </ClCompile>
    <ClCompile Include="GlobalData\GlobalData.cpp">
      <Filter>headers\GlobalData</Filter>
    </ClCompile>
    <ClCompile Include="WindowManager\WindowManager.cpp">
      <Filter>headers\WindowManager</Filter>
    </ClCompile>
    <ClCompile Include="WindowManager\Windows\MainMenu.cpp">
      <Filter>headers\WindowManager\Windows</Filter>
    </ClCompile>
    <ClCompile Include="WindowManager\Windows\SplashScreen.cpp">
      <Filter>headers\WindowManager\Windows</Filter>
    </ClCompile>
  </ItemGroup>
  <ItemGroup>
    <ClInclude Include="ImGui\imconfig.h">
      <Filter>headers\ImGui</Filter>
    </ClInclude>
    <ClInclude Include="ImGui\imgui.h">
      <Filter>headers\ImGui</Filter>
    </ClInclude>
    <ClInclude Include="ImGui\imgui_internal.h">
      <Filter>headers\ImGui</Filter>
    </ClInclude>
    <ClInclude Include="ImGui\imstb_rectpack.h">
      <Filter>headers\ImGui</Filter>
    </ClInclude>
    <ClInclude Include="ImGui\imstb_textedit.h">
      <Filter>headers\ImGui</Filter>
    </ClInclude>
    <ClInclude Include="ImGui\imstb_truetype.h">
      <Filter>headers\ImGui</Filter>
    </ClInclude>
    <ClInclude Include="UI.h">
      <Filter>headers</Filter>
    </ClInclude>
    <ClInclude Include="Drawing.h">
      <Filter>headers</Filter>
    </ClInclude>
    <ClInclude Include="ImGui\imgui_impl_dx11.h">
      <Filter>headers\ImGui</Filter>
    </ClInclude>
    <ClInclude Include="ImGui\imgui_impl_win32.h">
      <Filter>headers\ImGui</Filter>
    </ClInclude>
    <ClInclude Include="pch.h">
      <Filter>headers</Filter>
    </ClInclude>
    <ClInclude Include="GlobalData\GlobalData.h">
      <Filter>headers\GlobalData</Filter>
    </ClInclude>
    <ClInclude Include="DebugConsole\DebugConsole.h">
      <Filter>headers\DebugConsole</Filter>
    </ClInclude>
    <ClInclude Include="WindowManager\Window.h">
      <Filter>headers\WindowManager</Filter>
    </ClInclude>
    <ClInclude Include="WindowManager\WindowManager.h">
      <Filter>headers\WindowManager</Filter>
    </ClInclude>
    <ClInclude Include="WindowManager\Windows\MainMenu.h">
      <Filter>headers\WindowManager\Windows</Filter>
    </ClInclude>
    <ClInclude Include="WindowManager\Windows\SplashScreen.h">
      <Filter>headers\WindowManager\Windows</Filter>
    </ClInclude>
    <ClInclude Include="TaskScheduler\TaskScheduler.hpp">
      <Filter>headers\TaskScheduler</Filter>
    </ClInclude>
  </ItemGroup>
</Project>